{
    "hash": "82a629176241bb914c716d73090f217e",
    "packages": [
        {
            "package": "doctrine/common",
            "version": "2.2.0"
        },
        {
            "package": "pimple/pimple",
            "version": "dev-master",
            "source-reference": "321db91e49b6cf8cbeed58d8db662d40de96d2c3"
        },
        {
            "package": "silex/silex",
            "version": "dev-master",
            "source-reference": "219ba0703c8c3814a7ebe5695206111f80b8f716"
        },
        {
            "package": "symfony/browser-kit",
            "version": "2.1.0-dev",
            "source-reference": "fa6d62d0c007c07f23b70f5b6644d9e4992df408"
        },
        {
            "package": "symfony/class-loader",
            "version": "2.1.0-dev",
            "source-reference": "3c683c933d65aa9a535c9c419d536428afdabf80"
        },
        {
            "package": "symfony/console",
            "version": "2.1.0-dev",
            "source-reference": "75ca31776bd98ad427f759cbe8a62400e40c73a1"
        },
        {
            "package": "symfony/css-selector",
            "version": "2.1.0-dev",
            "source-reference": "5a5c778ee7d27228e9eaaa43a0e8e46b42bf9f9f"
        },
        {
            "package": "symfony/dom-crawler",
            "version": "2.1.0-dev",
            "source-reference": "57a69cfa4ac3e7c4ff48d55d95dc9773e98cde49"
        },
        {
            "package": "symfony/event-dispatcher",
            "version": "2.1.0-dev",
            "source-reference": "716d0f5e627c66538853c0e52a3778534438b100"
        },
        {
            "package": "symfony/filesystem",
            "version": "2.1.0-dev",
            "source-reference": "a085980d8becf87271978a5516b52bc1834511fa"
        },
        {
            "package": "symfony/finder",
            "version": "2.1.0-dev",
            "source-reference": "dd56fc9f1f0baa006d7491d5c17eb3e2dd8a066c"
        },
        {
            "package": "symfony/http-foundation",
            "version": "2.1.0-dev",
            "source-reference": "4f29b46c69c3ad06a1b0ce2d75cce43b3406d02a"
        },
        {
            "package": "symfony/http-kernel",
            "version": "2.1.0-dev",
            "source-reference": "e99c12b534bc6af192177bff19a53b3a27430a85"
        },
        {
            "package": "symfony/process",
            "version": "2.1.0-dev",
            "source-reference": "f381eeee3733ca0fd374491fab56dce0f3ca8e34"
        },
        {
            "package": "symfony/routing",
            "version": "2.1.0-dev",
            "source-reference": "ed54b91173475ebfd55977ef080556cb90c8a840"
        },
        {
            "package": "symfony/symfony",
            "version": "dev-master",
            "source-reference": "74ebd057a1e5dc6e7e5e706bcecdd8eef3b1c33e"
        },
        {
            "package": "symfony/twig-bridge",
            "version": "2.1.0-dev",
            "source-reference": "d2adae7046314e1988ccd73132b47960df502ce6"
        },
        {
            "package": "twig/twig",
            "version": "1.7.0-dev",
            "source-reference": "5e11c672de57379563e8e5aaacc361b38bf991dc"
        }
    ]
}
