{"hash":"b294156d5886aa3abe62b17f68735ceb","packages":[{"package":"twig\/twig","version":"1.7.0-dev"},{"package":"symfony\/class-loader","version":"2.1.0-dev"},{"package":"symfony\/css-selector","version":"2.1.0-dev"},{"package":"symfony\/event-dispatcher","version":"2.1.0-dev"},{"package":"symfony\/http-kernel","version":"2.1.0-dev"},{"package":"symfony\/routing","version":"2.1.0-dev"},{"package":"symfony\/dom-crawler","version":"2.1.0-dev"},{"package":"symfony\/console","version":"2.1.0-dev"},{"package":"symfony\/twig-bridge","version":"2.1.0-dev"},{"package":"symfony\/process","version":"2.1.0-dev"},{"package":"symfony\/http-foundation","version":"2.1.0-dev"},{"package":"symfony\/filesystem","version":"2.1.0-dev"},{"package":"symfony\/finder","version":"2.1.0-dev"},{"package":"symfony\/browser-kit","version":"2.1.0-dev"},{"package":"pimple\/pimple","version":"1.0.0-dev"},{"package":"silex\/silex","version":"1.0.0-dev"}]}